
Microsoft Visual Studio Solution File, Format Version 12.00
# Visual Studio Version 17
VisualStudioVersion = 17.14.36511.14 d17.14
MinimumVisualStudioVersion = 10.0.40219.1
Project("{FAE04EC0-301F-11D3-BF4B-00C04F79EFBC}") = "WebApplication1", "WebApplication1\WebApplication1.csproj", "{12D707E6-7696-4191-9C4D-D76ACD4832EA}"
EndProject
Global
	GlobalSection(SolutionConfigurationPlatforms) = preSolution
		Debug|Any CPU = Debug|Any CPU
		Release|Any CPU = Release|Any CPU
	EndGlobalSection
	GlobalSection(ProjectConfigurationPlatforms) = postSolution
		{12D707E6-7696-4191-9C4D-D76ACD4832EA}.Debug|Any CPU.ActiveCfg = Debug|Any CPU
		{12D707E6-7696-4191-9C4D-D76ACD4832EA}.Debug|Any CPU.Build.0 = Debug|Any CPU
		{12D707E6-7696-4191-9C4D-D76ACD4832EA}.Release|Any CPU.ActiveCfg = Release|Any CPU
		{12D707E6-7696-4191-9C4D-D76ACD4832EA}.Release|Any CPU.Build.0 = Release|Any CPU
	EndGlobalSection
	GlobalSection(SolutionProperties) = preSolution
		HideSolutionNode = FALSE
	EndGlobalSection
	GlobalSection(ExtensibilityGlobals) = postSolution
		SolutionGuid = {53C59350-EAA4-4A02-AFB3-414C6A29AADA}
	EndGlobalSection
EndGlobal
