
Microsoft Visual Studio Solution File, Format Version 12.00
# Visual Studio Version 17
VisualStudioVersion = 17.14.36511.14 d17.14
MinimumVisualStudioVersion = 10.0.40219.1
Project("{FAE04EC0-301F-11D3-BF4B-00C04F79EFBC}") = "Enquiry.API", "Enquiry.API\Enquiry.API.csproj", "{A8BC4ABF-1D07-4560-B589-E26944744668}"
EndProject
Global
	GlobalSection(SolutionConfigurationPlatforms) = preSolution
		Debug|Any CPU = Debug|Any CPU
		Release|Any CPU = Release|Any CPU
	EndGlobalSection
	GlobalSection(ProjectConfigurationPlatforms) = postSolution
		{A8BC4ABF-1D07-4560-B589-E26944744668}.Debug|Any CPU.ActiveCfg = Debug|Any CPU
		{A8BC4ABF-1D07-4560-B589-E26944744668}.Debug|Any CPU.Build.0 = Debug|Any CPU
		{A8BC4ABF-1D07-4560-B589-E26944744668}.Release|Any CPU.ActiveCfg = Release|Any CPU
		{A8BC4ABF-1D07-4560-B589-E26944744668}.Release|Any CPU.Build.0 = Release|Any CPU
	EndGlobalSection
	GlobalSection(SolutionProperties) = preSolution
		HideSolutionNode = FALSE
	EndGlobalSection
	GlobalSection(ExtensibilityGlobals) = postSolution
		SolutionGuid = {1D8D8A29-707C-42E3-8D4C-EB154C41FA64}
	EndGlobalSection
EndGlobal
